
Microsoft Visual Studio Solution File, Format Version 12.00
# Visual Studio 15
VisualStudioVersion = 15.0.27004.2009
MinimumVisualStudioVersion = 10.0.40219.1
Project("{FAE04EC0-301F-11D3-BF4B-00C04F79EFBC}") = "WeatherVoteTracker", "src\WeatherVoteTracker\WeatherVoteTracker.csproj", "{E2D302D6-A9E9-4DB8-AAD7-8B9386D9E272}"
EndProject
Global
	GlobalSection(SolutionConfigurationPlatforms) = preSolution
		Debug|Any CPU = Debug|Any CPU
		Release|Any CPU = Release|Any CPU
	EndGlobalSection
	GlobalSection(ProjectConfigurationPlatforms) = postSolution
		{E2D302D6-A9E9-4DB8-AAD7-8B9386D9E272}.Debug|Any CPU.ActiveCfg = Debug|Any CPU
		{E2D302D6-A9E9-4DB8-AAD7-8B9386D9E272}.Debug|Any CPU.Build.0 = Debug|Any CPU
		{E2D302D6-A9E9-4DB8-AAD7-8B9386D9E272}.Release|Any CPU.ActiveCfg = Release|Any CPU
		{E2D302D6-A9E9-4DB8-AAD7-8B9386D9E272}.Release|Any CPU.Build.0 = Release|Any CPU
	EndGlobalSection
	GlobalSection(SolutionProperties) = preSolution
		HideSolutionNode = FALSE
	EndGlobalSection
	GlobalSection(ExtensibilityGlobals) = postSolution
		SolutionGuid = {504322DD-F7D1-4147-9989-BFF8DFB376F0}
	EndGlobalSection
EndGlobal
